
Microsoft Visual Studio Solution File, Format Version 12.00
# Visual Studio Version 17
VisualStudioVersion = 17.8.34330.188
MinimumVisualStudioVersion = 10.0.40219.1
Project("{FAE04EC0-301F-11D3-BF4B-00C04F79EFBC}") = "asp.net_crud", "asp.net_crud\asp.net_crud.csproj", "{BF9F1818-AD02-4425-8287-99A17FFFC5C9}"
EndProject
Global
	GlobalSection(SolutionConfigurationPlatforms) = preSolution
		Debug|Any CPU = Debug|Any CPU
		Release|Any CPU = Release|Any CPU
	EndGlobalSection
	GlobalSection(ProjectConfigurationPlatforms) = postSolution
		{BF9F1818-AD02-4425-8287-99A17FFFC5C9}.Debug|Any CPU.ActiveCfg = Debug|Any CPU
		{BF9F1818-AD02-4425-8287-99A17FFFC5C9}.Debug|Any CPU.Build.0 = Debug|Any CPU
		{BF9F1818-AD02-4425-8287-99A17FFFC5C9}.Release|Any CPU.ActiveCfg = Release|Any CPU
		{BF9F1818-AD02-4425-8287-99A17FFFC5C9}.Release|Any CPU.Build.0 = Release|Any CPU
	EndGlobalSection
	GlobalSection(SolutionProperties) = preSolution
		HideSolutionNode = FALSE
	EndGlobalSection
	GlobalSection(ExtensibilityGlobals) = postSolution
		SolutionGuid = {89392785-FEF6-4DA6-B861-E164FA346A6E}
	EndGlobalSection
EndGlobal
